// !$*UTF8*$!
{
	archiveVersion = 1;
	classes = {
	};
	objectVersion = 56;
	objects = {

/* Begin PBXBuildFile section */
		7103E136292A6AC100A007A7 /* ComposableArchitecture in Frameworks */ = {isa = PBXBuildFile; productRef = 7103E135292A6AC100A007A7 /* ComposableArchitecture */; };
		7103E138292A6AC100A007A7 /* Dependencies in Frameworks */ = {isa = PBXBuildFile; productRef = 7103E137292A6AC100A007A7 /* Dependencies */; };
		7103E13A292A6B4700A007A7 /* TabBarCore.swift in Sources */ = {isa = PBXBuildFile; fileRef = 7103E139292A6B4700A007A7 /* TabBarCore.swift */; };
		710E2D83291196E6003AC591 /* AppDelegate.swift in Sources */ = {isa = PBXBuildFile; fileRef = 710E2D82291196E6003AC591 /* AppDelegate.swift */; };
		710E2D85291196E6003AC591 /* SceneDelegate.swift in Sources */ = {isa = PBXBuildFile; fileRef = 710E2D84291196E6003AC591 /* SceneDelegate.swift */; };
		710E2D8C291196E7003AC591 /* Assets.xcassets in Resources */ = {isa = PBXBuildFile; fileRef = 710E2D8B291196E7003AC591 /* Assets.xcassets */; };
		710E2D8F291196E7003AC591 /* LaunchScreen.storyboard in Resources */ = {isa = PBXBuildFile; fileRef = 710E2D8D291196E7003AC591 /* LaunchScreen.storyboard */; };
		712C07362A3CBC380034D657 /* Account.swift in Sources */ = {isa = PBXBuildFile; fileRef = 712C07352A3CBC380034D657 /* Account.swift */; };
		712C073B2A3CBD2A0034D657 /* LoginCore.swift in Sources */ = {isa = PBXBuildFile; fileRef = 712C073A2A3CBD2A0034D657 /* LoginCore.swift */; };
		712C073D2A3CBD760034D657 /* LoginView.swift in Sources */ = {isa = PBXBuildFile; fileRef = 712C073C2A3CBD760034D657 /* LoginView.swift */; };
		712C073F2A3CC2630034D657 /* SmartGoodsTextField.swift in Sources */ = {isa = PBXBuildFile; fileRef = 712C073E2A3CC2630034D657 /* SmartGoodsTextField.swift */; };
		712C07412A3CCA350034D657 /* SmartGoodsButton.swift in Sources */ = {isa = PBXBuildFile; fileRef = 712C07402A3CCA350034D657 /* SmartGoodsButton.swift */; };
		71469DA2293B6EE000EF8225 /* CreateRequirementCore.swift in Sources */ = {isa = PBXBuildFile; fileRef = 71469DA1293B6EE000EF8225 /* CreateRequirementCore.swift */; };
		71469DA5293B6F5900EF8225 /* Loadable.swift in Sources */ = {isa = PBXBuildFile; fileRef = 71469DA4293B6F5900EF8225 /* Loadable.swift */; };
		714FCC7B29699A0400AA3F48 /* View+Extensions.swift in Sources */ = {isa = PBXBuildFile; fileRef = 714FCC7A29699A0400AA3F48 /* View+Extensions.swift */; };
		714FCC7E2969ADE300AA3F48 /* Register.swift in Sources */ = {isa = PBXBuildFile; fileRef = 714FCC7D2969ADE300AA3F48 /* Register.swift */; };
		714FCC812969AE8600AA3F48 /* Message.swift in Sources */ = {isa = PBXBuildFile; fileRef = 714FCC802969AE8600AA3F48 /* Message.swift */; };
		716DB8C1295C4B77003BF4A9 /* TabBarService.swift in Sources */ = {isa = PBXBuildFile; fileRef = 716DB8C0295C4B77003BF4A9 /* TabBarService.swift */; };
		716DB8C3295C4C22003BF4A9 /* UuidCall.swift in Sources */ = {isa = PBXBuildFile; fileRef = 716DB8C2295C4C22003BF4A9 /* UuidCall.swift */; };
		716DB8C5295C4F13003BF4A9 /* DependencyValues.swift in Sources */ = {isa = PBXBuildFile; fileRef = 716DB8C4295C4F13003BF4A9 /* DependencyValues.swift */; };
		716DB8C7295C4F3A003BF4A9 /* TabBarServiceProtocol.swift in Sources */ = {isa = PBXBuildFile; fileRef = 716DB8C6295C4F3A003BF4A9 /* TabBarServiceProtocol.swift */; };
		716DB8C9295C5461003BF4A9 /* DispatchQueue+Extensions.swift in Sources */ = {isa = PBXBuildFile; fileRef = 716DB8C8295C5461003BF4A9 /* DispatchQueue+Extensions.swift */; };
		716DB8CB295C57B9003BF4A9 /* ErrorView.swift in Sources */ = {isa = PBXBuildFile; fileRef = 716DB8CA295C57B9003BF4A9 /* ErrorView.swift */; };
		716DB8CD295C5A99003BF4A9 /* UserDefaults+Extensions.swift in Sources */ = {isa = PBXBuildFile; fileRef = 716DB8CC295C5A99003BF4A9 /* UserDefaults+Extensions.swift */; };
		716DB8D1295C9551003BF4A9 /* MyRequirementCore.swift in Sources */ = {isa = PBXBuildFile; fileRef = 716DB8D0295C9551003BF4A9 /* MyRequirementCore.swift */; };
		716DB8D3295C955B003BF4A9 /* MyRequirementServiceProtocol.swift in Sources */ = {isa = PBXBuildFile; fileRef = 716DB8D2295C955B003BF4A9 /* MyRequirementServiceProtocol.swift */; };
		716DB8D6295C95A3003BF4A9 /* Requirement.swift in Sources */ = {isa = PBXBuildFile; fileRef = 716DB8D5295C95A3003BF4A9 /* Requirement.swift */; };
		716DB8D8295C9668003BF4A9 /* MyRequirementService.swift in Sources */ = {isa = PBXBuildFile; fileRef = 716DB8D7295C9668003BF4A9 /* MyRequirementService.swift */; };
		716DB8DA295C968C003BF4A9 /* MyRequirementCall.swift in Sources */ = {isa = PBXBuildFile; fileRef = 716DB8D9295C968C003BF4A9 /* MyRequirementCall.swift */; };
		71742B55291AEC840026B389 /* HTTPClient.swift in Sources */ = {isa = PBXBuildFile; fileRef = 71742B54291AEC840026B389 /* HTTPClient.swift */; };
		71742B57291AECC50026B389 /* Call.swift in Sources */ = {isa = PBXBuildFile; fileRef = 71742B56291AECC50026B389 /* Call.swift */; };
		71742B59291AECF80026B389 /* HTTPMethod.swift in Sources */ = {isa = PBXBuildFile; fileRef = 71742B58291AECF80026B389 /* HTTPMethod.swift */; };
		71742B5D291AF5260026B389 /* HTTPError.swift in Sources */ = {isa = PBXBuildFile; fileRef = 71742B5C291AF5260026B389 /* HTTPError.swift */; };
		71754E2E2916EDF9001A3176 /* TabBarController.swift in Sources */ = {isa = PBXBuildFile; fileRef = 71754E2D2916EDF9001A3176 /* TabBarController.swift */; };
		71BA43C3294DD37F003534B6 /* AccountView.swift in Sources */ = {isa = PBXBuildFile; fileRef = 71BA43C2294DD37F003534B6 /* AccountView.swift */; };
		71BA43C5294DD60E003534B6 /* AccountCore.swift in Sources */ = {isa = PBXBuildFile; fileRef = 71BA43C4294DD60E003534B6 /* AccountCore.swift */; };
		71CB9DBF29479A48004C37D3 /* AppColor.swift in Sources */ = {isa = PBXBuildFile; fileRef = 71CB9DBE29479A48004C37D3 /* AppColor.swift */; };
		71CB9DC12947A345004C37D3 /* UIColor+Extensions.swift in Sources */ = {isa = PBXBuildFile; fileRef = 71CB9DC02947A345004C37D3 /* UIColor+Extensions.swift */; };
		71CC1AA6295CFC6B0095B55C /* TabBarServiceMock.swift in Sources */ = {isa = PBXBuildFile; fileRef = 71CC1AA5295CFC6B0095B55C /* TabBarServiceMock.swift */; };
		71CC1AA8295CFED10095B55C /* MyRequirementServiceMock.swift in Sources */ = {isa = PBXBuildFile; fileRef = 71CC1AA7295CFED10095B55C /* MyRequirementServiceMock.swift */; };
		71CC1AAA295D00CA0095B55C /* Environment.swift in Sources */ = {isa = PBXBuildFile; fileRef = 71CC1AA9295D00CA0095B55C /* Environment.swift */; };
		71CC1AAC295D083F0095B55C /* MyRequirementCoreTests.swift in Sources */ = {isa = PBXBuildFile; fileRef = 71CC1AAB295D083F0095B55C /* MyRequirementCoreTests.swift */; };
		71E775B02933EAC20016FC15 /* CreateRequirementView.swift in Sources */ = {isa = PBXBuildFile; fileRef = 71E775AF2933EAC20016FC15 /* CreateRequirementView.swift */; };
		71E775B22933EAD00016FC15 /* SubviewRupp.swift in Sources */ = {isa = PBXBuildFile; fileRef = 71E775B12933EAD00016FC15 /* SubviewRupp.swift */; };
		71E775B42933EAD90016FC15 /* SubviewNone.swift in Sources */ = {isa = PBXBuildFile; fileRef = 71E775B32933EAD90016FC15 /* SubviewNone.swift */; };
		71F1CA1C293CC3F0005300C2 /* LoadingView.swift in Sources */ = {isa = PBXBuildFile; fileRef = 71F1CA1B293CC3F0005300C2 /* LoadingView.swift */; };
		71F1CA1E293CC72D005300C2 /* RoundedVStack.swift in Sources */ = {isa = PBXBuildFile; fileRef = 71F1CA1D293CC72D005300C2 /* RoundedVStack.swift */; };
		71F1CA20293CD4BB005300C2 /* CreateRequirementCoreTests.swift in Sources */ = {isa = PBXBuildFile; fileRef = 71F1CA1F293CD4BB005300C2 /* CreateRequirementCoreTests.swift */; };
		934C77982916F76C00ED21DE /* MyRequirementView.swift in Sources */ = {isa = PBXBuildFile; fileRef = 934C77972916F76C00ED21DE /* MyRequirementView.swift */; };
		93E453A6295F2EDD00F43259 /* CreateRequirementServiceProtocol.swift in Sources */ = {isa = PBXBuildFile; fileRef = 93E453A5295F2EDD00F43259 /* CreateRequirementServiceProtocol.swift */; };
		93E453A8295F300F00F43259 /* SaveRequirementCall.swift in Sources */ = {isa = PBXBuildFile; fileRef = 93E453A7295F300F00F43259 /* SaveRequirementCall.swift */; };
		93E453AA295F33DE00F43259 /* CreateRequirementService.swift in Sources */ = {isa = PBXBuildFile; fileRef = 93E453A9295F33DE00F43259 /* CreateRequirementService.swift */; };
		93E453AC295F385900F43259 /* CreateRequirementServiceMock.swift in Sources */ = {isa = PBXBuildFile; fileRef = 93E453AB295F385900F43259 /* CreateRequirementServiceMock.swift */; };
		93E453AE295F7BEC00F43259 /* CheckRequirementCall.swift in Sources */ = {isa = PBXBuildFile; fileRef = 93E453AD295F7BEC00F43259 /* CheckRequirementCall.swift */; };
/* End PBXBuildFile section */

/* Begin PBXContainerItemProxy section */
		71E8DA2129301A6C0075F9F3 /* PBXContainerItemProxy */ = {
			isa = PBXContainerItemProxy;
			containerPortal = 710E2D77291196E6003AC591 /* Project object */;
			proxyType = 1;
			remoteGlobalIDString = 710E2D7E291196E6003AC591;
			remoteInfo = "Smart Goods";
		};
/* End PBXContainerItemProxy section */

/* Begin PBXFileReference section */
		7103E139292A6B4700A007A7 /* TabBarCore.swift */ = {isa = PBXFileReference; lastKnownFileType = sourcecode.swift; path = TabBarCore.swift; sourceTree = "<group>"; };
		710E2D7F291196E6003AC591 /* Smart Goods.app */ = {isa = PBXFileReference; explicitFileType = wrapper.application; includeInIndex = 0; path = "Smart Goods.app"; sourceTree = BUILT_PRODUCTS_DIR; };
		710E2D82291196E6003AC591 /* AppDelegate.swift */ = {isa = PBXFileReference; lastKnownFileType = sourcecode.swift; path = AppDelegate.swift; sourceTree = "<group>"; };
		710E2D84291196E6003AC591 /* SceneDelegate.swift */ = {isa = PBXFileReference; lastKnownFileType = sourcecode.swift; path = SceneDelegate.swift; sourceTree = "<group>"; };
		710E2D8B291196E7003AC591 /* Assets.xcassets */ = {isa = PBXFileReference; lastKnownFileType = folder.assetcatalog; path = Assets.xcassets; sourceTree = "<group>"; };
		710E2D8E291196E7003AC591 /* Base */ = {isa = PBXFileReference; lastKnownFileType = file.storyboard; name = Base; path = Base.lproj/LaunchScreen.storyboard; sourceTree = "<group>"; };
		710E2D90291196E7003AC591 /* Info.plist */ = {isa = PBXFileReference; lastKnownFileType = text.plist.xml; path = Info.plist; sourceTree = "<group>"; };
		712C07352A3CBC380034D657 /* Account.swift */ = {isa = PBXFileReference; lastKnownFileType = sourcecode.swift; path = Account.swift; sourceTree = "<group>"; };
		712C073A2A3CBD2A0034D657 /* LoginCore.swift */ = {isa = PBXFileReference; lastKnownFileType = sourcecode.swift; path = LoginCore.swift; sourceTree = "<group>"; };
		712C073C2A3CBD760034D657 /* LoginView.swift */ = {isa = PBXFileReference; lastKnownFileType = sourcecode.swift; path = LoginView.swift; sourceTree = "<group>"; };
		712C073E2A3CC2630034D657 /* SmartGoodsTextField.swift */ = {isa = PBXFileReference; lastKnownFileType = sourcecode.swift; path = SmartGoodsTextField.swift; sourceTree = "<group>"; };
		712C07402A3CCA350034D657 /* SmartGoodsButton.swift */ = {isa = PBXFileReference; lastKnownFileType = sourcecode.swift; path = SmartGoodsButton.swift; sourceTree = "<group>"; };
		71469DA1293B6EE000EF8225 /* CreateRequirementCore.swift */ = {isa = PBXFileReference; lastKnownFileType = sourcecode.swift; path = CreateRequirementCore.swift; sourceTree = "<group>"; };
		71469DA4293B6F5900EF8225 /* Loadable.swift */ = {isa = PBXFileReference; lastKnownFileType = sourcecode.swift; path = Loadable.swift; sourceTree = "<group>"; };
		714FCC7A29699A0400AA3F48 /* View+Extensions.swift */ = {isa = PBXFileReference; lastKnownFileType = sourcecode.swift; path = "View+Extensions.swift"; sourceTree = "<group>"; };
		714FCC7D2969ADE300AA3F48 /* Register.swift */ = {isa = PBXFileReference; lastKnownFileType = sourcecode.swift; path = Register.swift; sourceTree = "<group>"; };
		714FCC802969AE8600AA3F48 /* Message.swift */ = {isa = PBXFileReference; lastKnownFileType = sourcecode.swift; path = Message.swift; sourceTree = "<group>"; };
		716DB8C0295C4B77003BF4A9 /* TabBarService.swift */ = {isa = PBXFileReference; lastKnownFileType = sourcecode.swift; path = TabBarService.swift; sourceTree = "<group>"; };
		716DB8C2295C4C22003BF4A9 /* UuidCall.swift */ = {isa = PBXFileReference; lastKnownFileType = sourcecode.swift; path = UuidCall.swift; sourceTree = "<group>"; };
		716DB8C4295C4F13003BF4A9 /* DependencyValues.swift */ = {isa = PBXFileReference; lastKnownFileType = sourcecode.swift; path = DependencyValues.swift; sourceTree = "<group>"; };
		716DB8C6295C4F3A003BF4A9 /* TabBarServiceProtocol.swift */ = {isa = PBXFileReference; lastKnownFileType = sourcecode.swift; path = TabBarServiceProtocol.swift; sourceTree = "<group>"; };
		716DB8C8295C5461003BF4A9 /* DispatchQueue+Extensions.swift */ = {isa = PBXFileReference; lastKnownFileType = sourcecode.swift; path = "DispatchQueue+Extensions.swift"; sourceTree = "<group>"; };
		716DB8CA295C57B9003BF4A9 /* ErrorView.swift */ = {isa = PBXFileReference; lastKnownFileType = sourcecode.swift; path = ErrorView.swift; sourceTree = "<group>"; };
		716DB8CC295C5A99003BF4A9 /* UserDefaults+Extensions.swift */ = {isa = PBXFileReference; lastKnownFileType = sourcecode.swift; path = "UserDefaults+Extensions.swift"; sourceTree = "<group>"; };
		716DB8D0295C9551003BF4A9 /* MyRequirementCore.swift */ = {isa = PBXFileReference; lastKnownFileType = sourcecode.swift; path = MyRequirementCore.swift; sourceTree = "<group>"; };
		716DB8D2295C955B003BF4A9 /* MyRequirementServiceProtocol.swift */ = {isa = PBXFileReference; lastKnownFileType = sourcecode.swift; path = MyRequirementServiceProtocol.swift; sourceTree = "<group>"; };
		716DB8D5295C95A3003BF4A9 /* Requirement.swift */ = {isa = PBXFileReference; lastKnownFileType = sourcecode.swift; path = Requirement.swift; sourceTree = "<group>"; };
		716DB8D7295C9668003BF4A9 /* MyRequirementService.swift */ = {isa = PBXFileReference; lastKnownFileType = sourcecode.swift; path = MyRequirementService.swift; sourceTree = "<group>"; };
		716DB8D9295C968C003BF4A9 /* MyRequirementCall.swift */ = {isa = PBXFileReference; lastKnownFileType = sourcecode.swift; path = MyRequirementCall.swift; sourceTree = "<group>"; };
		71742B54291AEC840026B389 /* HTTPClient.swift */ = {isa = PBXFileReference; lastKnownFileType = sourcecode.swift; path = HTTPClient.swift; sourceTree = "<group>"; };
		71742B56291AECC50026B389 /* Call.swift */ = {isa = PBXFileReference; lastKnownFileType = sourcecode.swift; path = Call.swift; sourceTree = "<group>"; };
		71742B58291AECF80026B389 /* HTTPMethod.swift */ = {isa = PBXFileReference; lastKnownFileType = sourcecode.swift; path = HTTPMethod.swift; sourceTree = "<group>"; };
		71742B5C291AF5260026B389 /* HTTPError.swift */ = {isa = PBXFileReference; lastKnownFileType = sourcecode.swift; path = HTTPError.swift; sourceTree = "<group>"; };
		71754E2D2916EDF9001A3176 /* TabBarController.swift */ = {isa = PBXFileReference; lastKnownFileType = sourcecode.swift; path = TabBarController.swift; sourceTree = "<group>"; };
		71BA43C2294DD37F003534B6 /* AccountView.swift */ = {isa = PBXFileReference; lastKnownFileType = sourcecode.swift; path = AccountView.swift; sourceTree = "<group>"; };
		71BA43C4294DD60E003534B6 /* AccountCore.swift */ = {isa = PBXFileReference; lastKnownFileType = sourcecode.swift; path = AccountCore.swift; sourceTree = "<group>"; };
		71CB9DBE29479A48004C37D3 /* AppColor.swift */ = {isa = PBXFileReference; lastKnownFileType = sourcecode.swift; path = AppColor.swift; sourceTree = "<group>"; };
		71CB9DC02947A345004C37D3 /* UIColor+Extensions.swift */ = {isa = PBXFileReference; lastKnownFileType = sourcecode.swift; path = "UIColor+Extensions.swift"; sourceTree = "<group>"; };
		71CC1AA5295CFC6B0095B55C /* TabBarServiceMock.swift */ = {isa = PBXFileReference; lastKnownFileType = sourcecode.swift; path = TabBarServiceMock.swift; sourceTree = "<group>"; };
		71CC1AA7295CFED10095B55C /* MyRequirementServiceMock.swift */ = {isa = PBXFileReference; lastKnownFileType = sourcecode.swift; path = MyRequirementServiceMock.swift; sourceTree = "<group>"; };
		71CC1AA9295D00CA0095B55C /* Environment.swift */ = {isa = PBXFileReference; lastKnownFileType = sourcecode.swift; path = Environment.swift; sourceTree = "<group>"; };
		71CC1AAB295D083F0095B55C /* MyRequirementCoreTests.swift */ = {isa = PBXFileReference; lastKnownFileType = sourcecode.swift; path = MyRequirementCoreTests.swift; sourceTree = "<group>"; };
		71E775AF2933EAC20016FC15 /* CreateRequirementView.swift */ = {isa = PBXFileReference; lastKnownFileType = sourcecode.swift; path = CreateRequirementView.swift; sourceTree = "<group>"; };
		71E775B12933EAD00016FC15 /* SubviewRupp.swift */ = {isa = PBXFileReference; lastKnownFileType = sourcecode.swift; path = SubviewRupp.swift; sourceTree = "<group>"; };
		71E775B32933EAD90016FC15 /* SubviewNone.swift */ = {isa = PBXFileReference; lastKnownFileType = sourcecode.swift; path = SubviewNone.swift; sourceTree = "<group>"; };
		71E8DA1D29301A6C0075F9F3 /* Smart GoodsTests.xctest */ = {isa = PBXFileReference; explicitFileType = wrapper.cfbundle; includeInIndex = 0; path = "Smart GoodsTests.xctest"; sourceTree = BUILT_PRODUCTS_DIR; };
		71F1CA1B293CC3F0005300C2 /* LoadingView.swift */ = {isa = PBXFileReference; lastKnownFileType = sourcecode.swift; path = LoadingView.swift; sourceTree = "<group>"; };
		71F1CA1D293CC72D005300C2 /* RoundedVStack.swift */ = {isa = PBXFileReference; lastKnownFileType = sourcecode.swift; path = RoundedVStack.swift; sourceTree = "<group>"; };
		71F1CA1F293CD4BB005300C2 /* CreateRequirementCoreTests.swift */ = {isa = PBXFileReference; lastKnownFileType = sourcecode.swift; path = CreateRequirementCoreTests.swift; sourceTree = "<group>"; };
		934C77972916F76C00ED21DE /* MyRequirementView.swift */ = {isa = PBXFileReference; lastKnownFileType = sourcecode.swift; path = MyRequirementView.swift; sourceTree = "<group>"; };
		93E453A5295F2EDD00F43259 /* CreateRequirementServiceProtocol.swift */ = {isa = PBXFileReference; lastKnownFileType = sourcecode.swift; path = CreateRequirementServiceProtocol.swift; sourceTree = "<group>"; };
		93E453A7295F300F00F43259 /* SaveRequirementCall.swift */ = {isa = PBXFileReference; lastKnownFileType = sourcecode.swift; path = SaveRequirementCall.swift; sourceTree = "<group>"; };
		93E453A9295F33DE00F43259 /* CreateRequirementService.swift */ = {isa = PBXFileReference; lastKnownFileType = sourcecode.swift; path = CreateRequirementService.swift; sourceTree = "<group>"; };
		93E453AB295F385900F43259 /* CreateRequirementServiceMock.swift */ = {isa = PBXFileReference; lastKnownFileType = sourcecode.swift; path = CreateRequirementServiceMock.swift; sourceTree = "<group>"; };
		93E453AD295F7BEC00F43259 /* CheckRequirementCall.swift */ = {isa = PBXFileReference; lastKnownFileType = sourcecode.swift; path = CheckRequirementCall.swift; sourceTree = "<group>"; };
/* End PBXFileReference section */

/* Begin PBXFrameworksBuildPhase section */
		710E2D7C291196E6003AC591 /* Frameworks */ = {
			isa = PBXFrameworksBuildPhase;
			buildActionMask = 2147483647;
			files = (
				7103E136292A6AC100A007A7 /* ComposableArchitecture in Frameworks */,
				7103E138292A6AC100A007A7 /* Dependencies in Frameworks */,
			);
			runOnlyForDeploymentPostprocessing = 0;
		};
		71E8DA1A29301A6C0075F9F3 /* Frameworks */ = {
			isa = PBXFrameworksBuildPhase;
			buildActionMask = 2147483647;
			files = (
			);
			runOnlyForDeploymentPostprocessing = 0;
		};
/* End PBXFrameworksBuildPhase section */

/* Begin PBXGroup section */
		710E2D76291196E6003AC591 = {
			isa = PBXGroup;
			children = (
				710E2D81291196E6003AC591 /* Smart Goods */,
				71E8DA1E29301A6C0075F9F3 /* Smart GoodsTests */,
				710E2D80291196E6003AC591 /* Products */,
			);
			sourceTree = "<group>";
		};
		710E2D80291196E6003AC591 /* Products */ = {
			isa = PBXGroup;
			children = (
				710E2D7F291196E6003AC591 /* Smart Goods.app */,
				71E8DA1D29301A6C0075F9F3 /* Smart GoodsTests.xctest */,
			);
			name = Products;
			sourceTree = "<group>";
		};
		710E2D81291196E6003AC591 /* Smart Goods */ = {
			isa = PBXGroup;
			children = (
				71469DA3293B6F4900EF8225 /* Common */,
				71742B53291AEC5B0026B389 /* Network */,
				71754E282916ED6E001A3176 /* UI */,
				710E2D82291196E6003AC591 /* AppDelegate.swift */,
				710E2D84291196E6003AC591 /* SceneDelegate.swift */,
				710E2D8B291196E7003AC591 /* Assets.xcassets */,
				710E2D8D291196E7003AC591 /* LaunchScreen.storyboard */,
				710E2D90291196E7003AC591 /* Info.plist */,
			);
			path = "Smart Goods";
			sourceTree = "<group>";
		};
		712C07342A3CBC2A0034D657 /* Model */ = {
			isa = PBXGroup;
			children = (
				712C07352A3CBC380034D657 /* Account.swift */,
			);
			path = Model;
			sourceTree = "<group>";
		};
		712C07372A3CBCFC0034D657 /* Entry */ = {
			isa = PBXGroup;
			children = (
				712C07392A3CBD0B0034D657 /* Register */,
				712C07382A3CBD060034D657 /* Login */,
			);
			path = Entry;
			sourceTree = "<group>";
		};
		712C07382A3CBD060034D657 /* Login */ = {
			isa = PBXGroup;
			children = (
				712C073A2A3CBD2A0034D657 /* LoginCore.swift */,
				712C073C2A3CBD760034D657 /* LoginView.swift */,
			);
			path = Login;
			sourceTree = "<group>";
		};
		712C07392A3CBD0B0034D657 /* Register */ = {
			isa = PBXGroup;
			children = (
			);
			path = Register;
			sourceTree = "<group>";
		};
		71469DA0293B6EC900EF8225 /* Core */ = {
			isa = PBXGroup;
			children = (
				71469DA1293B6EE000EF8225 /* CreateRequirementCore.swift */,
			);
			path = Core;
			sourceTree = "<group>";
		};
		71469DA3293B6F4900EF8225 /* Common */ = {
			isa = PBXGroup;
			children = (
				714FCC7F2969AE7E00AA3F48 /* Models */,
				714FCC79296999EE00AA3F48 /* Extensions */,
				71469DA4293B6F5900EF8225 /* Loadable.swift */,
				71F1CA1B293CC3F0005300C2 /* LoadingView.swift */,
				71F1CA1D293CC72D005300C2 /* RoundedVStack.swift */,
				71CB9DBE29479A48004C37D3 /* AppColor.swift */,
				716DB8CA295C57B9003BF4A9 /* ErrorView.swift */,
				71CC1AA9295D00CA0095B55C /* Environment.swift */,
				712C073E2A3CC2630034D657 /* SmartGoodsTextField.swift */,
				712C07402A3CCA350034D657 /* SmartGoodsButton.swift */,
			);
			path = Common;
			sourceTree = "<group>";
		};
		714FCC79296999EE00AA3F48 /* Extensions */ = {
			isa = PBXGroup;
			children = (
				71CB9DC02947A345004C37D3 /* UIColor+Extensions.swift */,
				716DB8C8295C5461003BF4A9 /* DispatchQueue+Extensions.swift */,
				716DB8CC295C5A99003BF4A9 /* UserDefaults+Extensions.swift */,
				714FCC7A29699A0400AA3F48 /* View+Extensions.swift */,
			);
			path = Extensions;
			sourceTree = "<group>";
		};
		714FCC7C2969ADD300AA3F48 /* Models */ = {
			isa = PBXGroup;
			children = (
				714FCC7D2969ADE300AA3F48 /* Register.swift */,
			);
			path = Models;
			sourceTree = "<group>";
		};
		714FCC7F2969AE7E00AA3F48 /* Models */ = {
			isa = PBXGroup;
			children = (
				714FCC802969AE8600AA3F48 /* Message.swift */,
			);
			path = Models;
			sourceTree = "<group>";
		};
		716DB8BF295C4B54003BF4A9 /* Service */ = {
			isa = PBXGroup;
			children = (
				716DB8C6295C4F3A003BF4A9 /* TabBarServiceProtocol.swift */,
				716DB8C0295C4B77003BF4A9 /* TabBarService.swift */,
				716DB8C2295C4C22003BF4A9 /* UuidCall.swift */,
				71CC1AA5295CFC6B0095B55C /* TabBarServiceMock.swift */,
			);
			path = Service;
			sourceTree = "<group>";
		};
		716DB8CE295C953B003BF4A9 /* Core */ = {
			isa = PBXGroup;
			children = (
				716DB8D0295C9551003BF4A9 /* MyRequirementCore.swift */,
			);
			path = Core;
			sourceTree = "<group>";
		};
		716DB8CF295C953F003BF4A9 /* Service */ = {
			isa = PBXGroup;
			children = (
				716DB8D2295C955B003BF4A9 /* MyRequirementServiceProtocol.swift */,
				716DB8D7295C9668003BF4A9 /* MyRequirementService.swift */,
				716DB8D9295C968C003BF4A9 /* MyRequirementCall.swift */,
				71CC1AA7295CFED10095B55C /* MyRequirementServiceMock.swift */,
			);
			path = Service;
			sourceTree = "<group>";
		};
		716DB8D4295C9596003BF4A9 /* Models */ = {
			isa = PBXGroup;
			children = (
				716DB8D5295C95A3003BF4A9 /* Requirement.swift */,
			);
			path = Models;
			sourceTree = "<group>";
		};
		71742B53291AEC5B0026B389 /* Network */ = {
			isa = PBXGroup;
			children = (
				71742B5B291AF4D30026B389 /* Base */,
			);
			path = Network;
			sourceTree = "<group>";
		};
		71742B5B291AF4D30026B389 /* Base */ = {
			isa = PBXGroup;
			children = (
				71742B54291AEC840026B389 /* HTTPClient.swift */,
				71742B58291AECF80026B389 /* HTTPMethod.swift */,
				71742B56291AECC50026B389 /* Call.swift */,
				71742B5C291AF5260026B389 /* HTTPError.swift */,
				716DB8C4295C4F13003BF4A9 /* DependencyValues.swift */,
			);
			path = Base;
			sourceTree = "<group>";
		};
		71754E282916ED6E001A3176 /* UI */ = {
			isa = PBXGroup;
			children = (
				712C07372A3CBCFC0034D657 /* Entry */,
				71BA43BF294DD352003534B6 /* Account */,
				71E775AD2933EA560016FC15 /* CreateRequirement */,
				934C77952916F6E800ED21DE /* MyRequirement */,
				71754E292916EDB6001A3176 /* TabBar */,
			);
			path = UI;
			sourceTree = "<group>";
		};
		71754E292916EDB6001A3176 /* TabBar */ = {
			isa = PBXGroup;
			children = (
				714FCC7C2969ADD300AA3F48 /* Models */,
				716DB8BF295C4B54003BF4A9 /* Service */,
				71754E2C2916EDDE001A3176 /* Core */,
				71754E2A2916EDC5001A3176 /* View */,
			);
			path = TabBar;
			sourceTree = "<group>";
		};
		71754E2A2916EDC5001A3176 /* View */ = {
			isa = PBXGroup;
			children = (
				71754E2D2916EDF9001A3176 /* TabBarController.swift */,
			);
			path = View;
			sourceTree = "<group>";
		};
		71754E2C2916EDDE001A3176 /* Core */ = {
			isa = PBXGroup;
			children = (
				7103E139292A6B4700A007A7 /* TabBarCore.swift */,
			);
			path = Core;
			sourceTree = "<group>";
		};
		71BA43BF294DD352003534B6 /* Account */ = {
			isa = PBXGroup;
			children = (
				712C07342A3CBC2A0034D657 /* Model */,
				71BA43C1294DD369003534B6 /* View */,
				71BA43C0294DD35E003534B6 /* Core */,
			);
			path = Account;
			sourceTree = "<group>";
		};
		71BA43C0294DD35E003534B6 /* Core */ = {
			isa = PBXGroup;
			children = (
				71BA43C4294DD60E003534B6 /* AccountCore.swift */,
			);
			path = Core;
			sourceTree = "<group>";
		};
		71BA43C1294DD369003534B6 /* View */ = {
			isa = PBXGroup;
			children = (
				71BA43C2294DD37F003534B6 /* AccountView.swift */,
			);
			path = View;
			sourceTree = "<group>";
		};
		71E775AD2933EA560016FC15 /* CreateRequirement */ = {
			isa = PBXGroup;
			children = (
				93E453A4295F2EB700F43259 /* Service */,
				71469DA0293B6EC900EF8225 /* Core */,
				71E775AE2933EAB40016FC15 /* View */,
			);
			path = CreateRequirement;
			sourceTree = "<group>";
		};
		71E775AE2933EAB40016FC15 /* View */ = {
			isa = PBXGroup;
			children = (
				71E775AF2933EAC20016FC15 /* CreateRequirementView.swift */,
				71E775B12933EAD00016FC15 /* SubviewRupp.swift */,
				71E775B32933EAD90016FC15 /* SubviewNone.swift */,
			);
			path = View;
			sourceTree = "<group>";
		};
		71E8DA1E29301A6C0075F9F3 /* Smart GoodsTests */ = {
			isa = PBXGroup;
			children = (
				71F1CA1F293CD4BB005300C2 /* CreateRequirementCoreTests.swift */,
				71CC1AAB295D083F0095B55C /* MyRequirementCoreTests.swift */,
			);
			path = "Smart GoodsTests";
			sourceTree = "<group>";
		};
		934C77952916F6E800ED21DE /* MyRequirement */ = {
			isa = PBXGroup;
			children = (
				716DB8D4295C9596003BF4A9 /* Models */,
				716DB8CF295C953F003BF4A9 /* Service */,
				716DB8CE295C953B003BF4A9 /* Core */,
				934C77962916F74600ED21DE /* View */,
			);
			path = MyRequirement;
			sourceTree = "<group>";
		};
		934C77962916F74600ED21DE /* View */ = {
			isa = PBXGroup;
			children = (
				934C77972916F76C00ED21DE /* MyRequirementView.swift */,
			);
			path = View;
			sourceTree = "<group>";
		};
		93E453A4295F2EB700F43259 /* Service */ = {
			isa = PBXGroup;
			children = (
				93E453A5295F2EDD00F43259 /* CreateRequirementServiceProtocol.swift */,
				93E453A7295F300F00F43259 /* SaveRequirementCall.swift */,
				93E453A9295F33DE00F43259 /* CreateRequirementService.swift */,
				93E453AB295F385900F43259 /* CreateRequirementServiceMock.swift */,
				93E453AD295F7BEC00F43259 /* CheckRequirementCall.swift */,
			);
			path = Service;
			sourceTree = "<group>";
		};
/* End PBXGroup section */

/* Begin PBXNativeTarget section */
		710E2D7E291196E6003AC591 /* Smart Goods */ = {
			isa = PBXNativeTarget;
			buildConfigurationList = 710E2D93291196E7003AC591 /* Build configuration list for PBXNativeTarget "Smart Goods" */;
			buildPhases = (
				710E2D7B291196E6003AC591 /* Sources */,
				710E2D7C291196E6003AC591 /* Frameworks */,
				710E2D7D291196E6003AC591 /* Resources */,
			);
			buildRules = (
			);
			dependencies = (
			);
			name = "Smart Goods";
			packageProductDependencies = (
				7103E135292A6AC100A007A7 /* ComposableArchitecture */,
				7103E137292A6AC100A007A7 /* Dependencies */,
			);
			productName = "Smart Goods";
			productReference = 710E2D7F291196E6003AC591 /* Smart Goods.app */;
			productType = "com.apple.product-type.application";
		};
		71E8DA1C29301A6C0075F9F3 /* Smart GoodsTests */ = {
			isa = PBXNativeTarget;
			buildConfigurationList = 71E8DA2529301A6C0075F9F3 /* Build configuration list for PBXNativeTarget "Smart GoodsTests" */;
			buildPhases = (
				71E8DA1929301A6C0075F9F3 /* Sources */,
				71E8DA1A29301A6C0075F9F3 /* Frameworks */,
				71E8DA1B29301A6C0075F9F3 /* Resources */,
			);
			buildRules = (
			);
			dependencies = (
				71E8DA2229301A6C0075F9F3 /* PBXTargetDependency */,
			);
			name = "Smart GoodsTests";
			productName = "Smart GoodsTests";
			productReference = 71E8DA1D29301A6C0075F9F3 /* Smart GoodsTests.xctest */;
			productType = "com.apple.product-type.bundle.unit-test";
		};
/* End PBXNativeTarget section */

/* Begin PBXProject section */
		710E2D77291196E6003AC591 /* Project object */ = {
			isa = PBXProject;
			attributes = {
				BuildIndependentTargetsInParallel = 1;
				LastSwiftUpdateCheck = 1410;
				LastUpgradeCheck = 1400;
				TargetAttributes = {
					710E2D7E291196E6003AC591 = {
						CreatedOnToolsVersion = 14.0;
					};
					71E8DA1C29301A6C0075F9F3 = {
						CreatedOnToolsVersion = 14.1;
						TestTargetID = 710E2D7E291196E6003AC591;
					};
				};
			};
			buildConfigurationList = 710E2D7A291196E6003AC591 /* Build configuration list for PBXProject "Smart Goods" */;
			compatibilityVersion = "Xcode 14.0";
			developmentRegion = en;
			hasScannedForEncodings = 0;
			knownRegions = (
				en,
				Base,
			);
			mainGroup = 710E2D76291196E6003AC591;
			packageReferences = (
				7103E134292A6AC100A007A7 /* XCRemoteSwiftPackageReference "swift-composable-architecture" */,
			);
			productRefGroup = 710E2D80291196E6003AC591 /* Products */;
			projectDirPath = "";
			projectRoot = "";
			targets = (
				710E2D7E291196E6003AC591 /* Smart Goods */,
				71E8DA1C29301A6C0075F9F3 /* Smart GoodsTests */,
			);
		};
/* End PBXProject section */

/* Begin PBXResourcesBuildPhase section */
		710E2D7D291196E6003AC591 /* Resources */ = {
			isa = PBXResourcesBuildPhase;
			buildActionMask = 2147483647;
			files = (
				710E2D8F291196E7003AC591 /* LaunchScreen.storyboard in Resources */,
				710E2D8C291196E7003AC591 /* Assets.xcassets in Resources */,
			);
			runOnlyForDeploymentPostprocessing = 0;
		};
		71E8DA1B29301A6C0075F9F3 /* Resources */ = {
			isa = PBXResourcesBuildPhase;
			buildActionMask = 2147483647;
			files = (
			);
			runOnlyForDeploymentPostprocessing = 0;
		};
/* End PBXResourcesBuildPhase section */

/* Begin PBXSourcesBuildPhase section */
		710E2D7B291196E6003AC591 /* Sources */ = {
			isa = PBXSourcesBuildPhase;
			buildActionMask = 2147483647;
			files = (
				712C07412A3CCA350034D657 /* SmartGoodsButton.swift in Sources */,
				93E453AE295F7BEC00F43259 /* CheckRequirementCall.swift in Sources */,
				712C07362A3CBC380034D657 /* Account.swift in Sources */,
				716DB8C3295C4C22003BF4A9 /* UuidCall.swift in Sources */,
				716DB8C1295C4B77003BF4A9 /* TabBarService.swift in Sources */,
				712C073D2A3CBD760034D657 /* LoginView.swift in Sources */,
				71469DA2293B6EE000EF8225 /* CreateRequirementCore.swift in Sources */,
				71469DA5293B6F5900EF8225 /* Loadable.swift in Sources */,
				934C77982916F76C00ED21DE /* MyRequirementView.swift in Sources */,
				716DB8C5295C4F13003BF4A9 /* DependencyValues.swift in Sources */,
				71CB9DBF29479A48004C37D3 /* AppColor.swift in Sources */,
				716DB8CB295C57B9003BF4A9 /* ErrorView.swift in Sources */,
				716DB8D1295C9551003BF4A9 /* MyRequirementCore.swift in Sources */,
				714FCC812969AE8600AA3F48 /* Message.swift in Sources */,
				714FCC7B29699A0400AA3F48 /* View+Extensions.swift in Sources */,
				71742B57291AECC50026B389 /* Call.swift in Sources */,
				71742B59291AECF80026B389 /* HTTPMethod.swift in Sources */,
				716DB8D3295C955B003BF4A9 /* MyRequirementServiceProtocol.swift in Sources */,
				716DB8D8295C9668003BF4A9 /* MyRequirementService.swift in Sources */,
				93E453AA295F33DE00F43259 /* CreateRequirementService.swift in Sources */,
				716DB8C7295C4F3A003BF4A9 /* TabBarServiceProtocol.swift in Sources */,
				71E775B22933EAD00016FC15 /* SubviewRupp.swift in Sources */,
				714FCC7E2969ADE300AA3F48 /* Register.swift in Sources */,
				71CB9DC12947A345004C37D3 /* UIColor+Extensions.swift in Sources */,
				716DB8CD295C5A99003BF4A9 /* UserDefaults+Extensions.swift in Sources */,
				716DB8DA295C968C003BF4A9 /* MyRequirementCall.swift in Sources */,
				71CC1AA6295CFC6B0095B55C /* TabBarServiceMock.swift in Sources */,
				71754E2E2916EDF9001A3176 /* TabBarController.swift in Sources */,
				71E775B42933EAD90016FC15 /* SubviewNone.swift in Sources */,
				71F1CA1C293CC3F0005300C2 /* LoadingView.swift in Sources */,
				716DB8C9295C5461003BF4A9 /* DispatchQueue+Extensions.swift in Sources */,
				71742B5D291AF5260026B389 /* HTTPError.swift in Sources */,
				712C073B2A3CBD2A0034D657 /* LoginCore.swift in Sources */,
				71CC1AAA295D00CA0095B55C /* Environment.swift in Sources */,
				93E453A6295F2EDD00F43259 /* CreateRequirementServiceProtocol.swift in Sources */,
				716DB8D6295C95A3003BF4A9 /* Requirement.swift in Sources */,
				71E775B02933EAC20016FC15 /* CreateRequirementView.swift in Sources */,
				712C073F2A3CC2630034D657 /* SmartGoodsTextField.swift in Sources */,
				71BA43C3294DD37F003534B6 /* AccountView.swift in Sources */,
				71F1CA1E293CC72D005300C2 /* RoundedVStack.swift in Sources */,
				710E2D83291196E6003AC591 /* AppDelegate.swift in Sources */,
				93E453AC295F385900F43259 /* CreateRequirementServiceMock.swift in Sources */,
				71742B55291AEC840026B389 /* HTTPClient.swift in Sources */,
				7103E13A292A6B4700A007A7 /* TabBarCore.swift in Sources */,
				71CC1AA8295CFED10095B55C /* MyRequirementServiceMock.swift in Sources */,
				93E453A8295F300F00F43259 /* SaveRequirementCall.swift in Sources */,
				71BA43C5294DD60E003534B6 /* AccountCore.swift in Sources */,
				710E2D85291196E6003AC591 /* SceneDelegate.swift in Sources */,
			);
			runOnlyForDeploymentPostprocessing = 0;
		};
		71E8DA1929301A6C0075F9F3 /* Sources */ = {
			isa = PBXSourcesBuildPhase;
			buildActionMask = 2147483647;
			files = (
				71F1CA20293CD4BB005300C2 /* CreateRequirementCoreTests.swift in Sources */,
				71CC1AAC295D083F0095B55C /* MyRequirementCoreTests.swift in Sources */,
			);
			runOnlyForDeploymentPostprocessing = 0;
		};
/* End PBXSourcesBuildPhase section */

/* Begin PBXTargetDependency section */
		71E8DA2229301A6C0075F9F3 /* PBXTargetDependency */ = {
			isa = PBXTargetDependency;
			target = 710E2D7E291196E6003AC591 /* Smart Goods */;
			targetProxy = 71E8DA2129301A6C0075F9F3 /* PBXContainerItemProxy */;
		};
/* End PBXTargetDependency section */

/* Begin PBXVariantGroup section */
		710E2D8D291196E7003AC591 /* LaunchScreen.storyboard */ = {
			isa = PBXVariantGroup;
			children = (
				710E2D8E291196E7003AC591 /* Base */,
			);
			name = LaunchScreen.storyboard;
			sourceTree = "<group>";
		};
/* End PBXVariantGroup section */

/* Begin XCBuildConfiguration section */
		710E2D91291196E7003AC591 /* Debug */ = {
			isa = XCBuildConfiguration;
			buildSettings = {
				ALWAYS_SEARCH_USER_PATHS = NO;
				CLANG_ANALYZER_NONNULL = YES;
				CLANG_ANALYZER_NUMBER_OBJECT_CONVERSION = YES_AGGRESSIVE;
				CLANG_CXX_LANGUAGE_STANDARD = "gnu++20";
				CLANG_ENABLE_MODULES = YES;
				CLANG_ENABLE_OBJC_ARC = YES;
				CLANG_ENABLE_OBJC_WEAK = YES;
				CLANG_WARN_BLOCK_CAPTURE_AUTORELEASING = YES;
				CLANG_WARN_BOOL_CONVERSION = YES;
				CLANG_WARN_COMMA = YES;
				CLANG_WARN_CONSTANT_CONVERSION = YES;
				CLANG_WARN_DEPRECATED_OBJC_IMPLEMENTATIONS = YES;
				CLANG_WARN_DIRECT_OBJC_ISA_USAGE = YES_ERROR;
				CLANG_WARN_DOCUMENTATION_COMMENTS = YES;
				CLANG_WARN_EMPTY_BODY = YES;
				CLANG_WARN_ENUM_CONVERSION = YES;
				CLANG_WARN_INFINITE_RECURSION = YES;
				CLANG_WARN_INT_CONVERSION = YES;
				CLANG_WARN_NON_LITERAL_NULL_CONVERSION = YES;
				CLANG_WARN_OBJC_IMPLICIT_RETAIN_SELF = YES;
				CLANG_WARN_OBJC_LITERAL_CONVERSION = YES;
				CLANG_WARN_OBJC_ROOT_CLASS = YES_ERROR;
				CLANG_WARN_QUOTED_INCLUDE_IN_FRAMEWORK_HEADER = YES;
				CLANG_WARN_RANGE_LOOP_ANALYSIS = YES;
				CLANG_WARN_STRICT_PROTOTYPES = YES;
				CLANG_WARN_SUSPICIOUS_MOVE = YES;
				CLANG_WARN_UNGUARDED_AVAILABILITY = YES_AGGRESSIVE;
				CLANG_WARN_UNREACHABLE_CODE = YES;
				CLANG_WARN__DUPLICATE_METHOD_MATCH = YES;
				COPY_PHASE_STRIP = NO;
				DEBUG_INFORMATION_FORMAT = dwarf;
				ENABLE_STRICT_OBJC_MSGSEND = YES;
				ENABLE_TESTABILITY = YES;
				GCC_C_LANGUAGE_STANDARD = gnu11;
				GCC_DYNAMIC_NO_PIC = NO;
				GCC_NO_COMMON_BLOCKS = YES;
				GCC_OPTIMIZATION_LEVEL = 0;
				GCC_PREPROCESSOR_DEFINITIONS = (
					"DEBUG=1",
					"$(inherited)",
				);
				GCC_WARN_64_TO_32_BIT_CONVERSION = YES;
				GCC_WARN_ABOUT_RETURN_TYPE = YES_ERROR;
				GCC_WARN_UNDECLARED_SELECTOR = YES;
				GCC_WARN_UNINITIALIZED_AUTOS = YES_AGGRESSIVE;
				GCC_WARN_UNUSED_FUNCTION = YES;
				GCC_WARN_UNUSED_VARIABLE = YES;
				IPHONEOS_DEPLOYMENT_TARGET = 16.0;
				MTL_ENABLE_DEBUG_INFO = INCLUDE_SOURCE;
				MTL_FAST_MATH = YES;
				ONLY_ACTIVE_ARCH = YES;
				SDKROOT = iphoneos;
				SWIFT_ACTIVE_COMPILATION_CONDITIONS = DEBUG;
				SWIFT_OPTIMIZATION_LEVEL = "-Onone";
			};
			name = Debug;
		};
		710E2D92291196E7003AC591 /* Release */ = {
			isa = XCBuildConfiguration;
			buildSettings = {
				ALWAYS_SEARCH_USER_PATHS = NO;
				CLANG_ANALYZER_NONNULL = YES;
				CLANG_ANALYZER_NUMBER_OBJECT_CONVERSION = YES_AGGRESSIVE;
				CLANG_CXX_LANGUAGE_STANDARD = "gnu++20";
				CLANG_ENABLE_MODULES = YES;
				CLANG_ENABLE_OBJC_ARC = YES;
				CLANG_ENABLE_OBJC_WEAK = YES;
				CLANG_WARN_BLOCK_CAPTURE_AUTORELEASING = YES;
				CLANG_WARN_BOOL_CONVERSION = YES;
				CLANG_WARN_COMMA = YES;
				CLANG_WARN_CONSTANT_CONVERSION = YES;
				CLANG_WARN_DEPRECATED_OBJC_IMPLEMENTATIONS = YES;
				CLANG_WARN_DIRECT_OBJC_ISA_USAGE = YES_ERROR;
				CLANG_WARN_DOCUMENTATION_COMMENTS = YES;
				CLANG_WARN_EMPTY_BODY = YES;
				CLANG_WARN_ENUM_CONVERSION = YES;
				CLANG_WARN_INFINITE_RECURSION = YES;
				CLANG_WARN_INT_CONVERSION = YES;
				CLANG_WARN_NON_LITERAL_NULL_CONVERSION = YES;
				CLANG_WARN_OBJC_IMPLICIT_RETAIN_SELF = YES;
				CLANG_WARN_OBJC_LITERAL_CONVERSION = YES;
				CLANG_WARN_OBJC_ROOT_CLASS = YES_ERROR;
				CLANG_WARN_QUOTED_INCLUDE_IN_FRAMEWORK_HEADER = YES;
				CLANG_WARN_RANGE_LOOP_ANALYSIS = YES;
				CLANG_WARN_STRICT_PROTOTYPES = YES;
				CLANG_WARN_SUSPICIOUS_MOVE = YES;
				CLANG_WARN_UNGUARDED_AVAILABILITY = YES_AGGRESSIVE;
				CLANG_WARN_UNREACHABLE_CODE = YES;
				CLANG_WARN__DUPLICATE_METHOD_MATCH = YES;
				COPY_PHASE_STRIP = NO;
				DEBUG_INFORMATION_FORMAT = "dwarf-with-dsym";
				ENABLE_NS_ASSERTIONS = NO;
				ENABLE_STRICT_OBJC_MSGSEND = YES;
				GCC_C_LANGUAGE_STANDARD = gnu11;
				GCC_NO_COMMON_BLOCKS = YES;
				GCC_WARN_64_TO_32_BIT_CONVERSION = YES;
				GCC_WARN_ABOUT_RETURN_TYPE = YES_ERROR;
				GCC_WARN_UNDECLARED_SELECTOR = YES;
				GCC_WARN_UNINITIALIZED_AUTOS = YES_AGGRESSIVE;
				GCC_WARN_UNUSED_FUNCTION = YES;
				GCC_WARN_UNUSED_VARIABLE = YES;
				IPHONEOS_DEPLOYMENT_TARGET = 16.0;
				MTL_ENABLE_DEBUG_INFO = NO;
				MTL_FAST_MATH = YES;
				SDKROOT = iphoneos;
				SWIFT_COMPILATION_MODE = wholemodule;
				SWIFT_OPTIMIZATION_LEVEL = "-O";
				VALIDATE_PRODUCT = YES;
			};
			name = Release;
		};
		710E2D94291196E7003AC591 /* Debug */ = {
			isa = XCBuildConfiguration;
			buildSettings = {
				ASSETCATALOG_COMPILER_APPICON_NAME = AppIcon;
				ASSETCATALOG_COMPILER_GLOBAL_ACCENT_COLOR_NAME = AccentColor;
				ASSETCATALOG_COMPILER_INCLUDE_ALL_APPICON_ASSETS = NO;
				CODE_SIGN_STYLE = Automatic;
				CURRENT_PROJECT_VERSION = 1;
				DEVELOPMENT_TEAM = 7UZH6B548Y;
				GENERATE_INFOPLIST_FILE = YES;
				INFOPLIST_FILE = "Smart Goods/Info.plist";
				INFOPLIST_KEY_UIApplicationSupportsIndirectInputEvents = YES;
				INFOPLIST_KEY_UILaunchStoryboardName = LaunchScreen;
				INFOPLIST_KEY_UIStatusBarStyle = "";
				INFOPLIST_KEY_UISupportedInterfaceOrientations = UIInterfaceOrientationPortrait;
				INFOPLIST_KEY_UISupportedInterfaceOrientations_iPad = "UIInterfaceOrientationLandscapeLeft UIInterfaceOrientationLandscapeRight UIInterfaceOrientationPortrait UIInterfaceOrientationPortraitUpsideDown";
				IPHONEOS_DEPLOYMENT_TARGET = 16.0;
				LD_RUNPATH_SEARCH_PATHS = (
					"$(inherited)",
					"@executable_path/Frameworks",
				);
				MARKETING_VERSION = 1.0;
				PRODUCT_BUNDLE_IDENTIFIER = "com.ebucelik.Smart-Goods";
				PRODUCT_NAME = "$(TARGET_NAME)";
				SUPPORTED_PLATFORMS = "iphoneos iphonesimulator";
				SUPPORTS_MACCATALYST = NO;
				SUPPORTS_MAC_DESIGNED_FOR_IPHONE_IPAD = NO;
				SWIFT_EMIT_LOC_STRINGS = YES;
				SWIFT_VERSION = 5.0;
				TARGETED_DEVICE_FAMILY = 1;
			};
			name = Debug;
		};
		710E2D95291196E7003AC591 /* Release */ = {
			isa = XCBuildConfiguration;
			buildSettings = {
				ASSETCATALOG_COMPILER_APPICON_NAME = AppIcon;
				ASSETCATALOG_COMPILER_GLOBAL_ACCENT_COLOR_NAME = AccentColor;
				ASSETCATALOG_COMPILER_INCLUDE_ALL_APPICON_ASSETS = NO;
				CODE_SIGN_STYLE = Automatic;
				CURRENT_PROJECT_VERSION = 1;
				DEVELOPMENT_TEAM = 7UZH6B548Y;
				GENERATE_INFOPLIST_FILE = YES;
				INFOPLIST_FILE = "Smart Goods/Info.plist";
				INFOPLIST_KEY_UIApplicationSupportsIndirectInputEvents = YES;
				INFOPLIST_KEY_UILaunchStoryboardName = LaunchScreen;
				INFOPLIST_KEY_UIStatusBarStyle = "";
				INFOPLIST_KEY_UISupportedInterfaceOrientations = UIInterfaceOrientationPortrait;
				INFOPLIST_KEY_UISupportedInterfaceOrientations_iPad = "UIInterfaceOrientationLandscapeLeft UIInterfaceOrientationLandscapeRight UIInterfaceOrientationPortrait UIInterfaceOrientationPortraitUpsideDown";
				IPHONEOS_DEPLOYMENT_TARGET = 16.0;
				LD_RUNPATH_SEARCH_PATHS = (
					"$(inherited)",
					"@executable_path/Frameworks",
				);
				MARKETING_VERSION = 1.0;
				PRODUCT_BUNDLE_IDENTIFIER = "com.ebucelik.Smart-Goods";
				PRODUCT_NAME = "$(TARGET_NAME)";
				SUPPORTED_PLATFORMS = "iphoneos iphonesimulator";
				SUPPORTS_MACCATALYST = NO;
				SUPPORTS_MAC_DESIGNED_FOR_IPHONE_IPAD = NO;
				SWIFT_EMIT_LOC_STRINGS = YES;
				SWIFT_VERSION = 5.0;
				TARGETED_DEVICE_FAMILY = 1;
			};
			name = Release;
		};
		71E8DA2329301A6C0075F9F3 /* Debug */ = {
			isa = XCBuildConfiguration;
			buildSettings = {
				BUNDLE_LOADER = "$(TEST_HOST)";
				CODE_SIGN_STYLE = Automatic;
				CURRENT_PROJECT_VERSION = 1;
				DEVELOPMENT_TEAM = 7UZH6B548Y;
				GENERATE_INFOPLIST_FILE = YES;
				IPHONEOS_DEPLOYMENT_TARGET = 16.0;
				MARKETING_VERSION = 1.0;
				PRODUCT_BUNDLE_IDENTIFIER = "com.ebucelik.Smart-GoodsTests";
				PRODUCT_NAME = "$(TARGET_NAME)";
				SUPPORTED_PLATFORMS = "iphoneos iphonesimulator";
				SUPPORTS_MACCATALYST = NO;
				SUPPORTS_MAC_DESIGNED_FOR_IPHONE_IPAD = NO;
				SWIFT_EMIT_LOC_STRINGS = NO;
				SWIFT_VERSION = 5.0;
				TARGETED_DEVICE_FAMILY = 1;
				TEST_HOST = "$(BUILT_PRODUCTS_DIR)/Smart Goods.app/$(BUNDLE_EXECUTABLE_FOLDER_PATH)/Smart Goods";
			};
			name = Debug;
		};
		71E8DA2429301A6C0075F9F3 /* Release */ = {
			isa = XCBuildConfiguration;
			buildSettings = {
				BUNDLE_LOADER = "$(TEST_HOST)";
				CODE_SIGN_STYLE = Automatic;
				CURRENT_PROJECT_VERSION = 1;
				DEVELOPMENT_TEAM = 7UZH6B548Y;
				GENERATE_INFOPLIST_FILE = YES;
				IPHONEOS_DEPLOYMENT_TARGET = 16.0;
				MARKETING_VERSION = 1.0;
				PRODUCT_BUNDLE_IDENTIFIER = "com.ebucelik.Smart-GoodsTests";
				PRODUCT_NAME = "$(TARGET_NAME)";
				SUPPORTED_PLATFORMS = "iphoneos iphonesimulator";
				SUPPORTS_MACCATALYST = NO;
				SUPPORTS_MAC_DESIGNED_FOR_IPHONE_IPAD = NO;
				SWIFT_EMIT_LOC_STRINGS = NO;
				SWIFT_VERSION = 5.0;
				TARGETED_DEVICE_FAMILY = 1;
				TEST_HOST = "$(BUILT_PRODUCTS_DIR)/Smart Goods.app/$(BUNDLE_EXECUTABLE_FOLDER_PATH)/Smart Goods";
			};
			name = Release;
		};
/* End XCBuildConfiguration section */

/* Begin XCConfigurationList section */
		710E2D7A291196E6003AC591 /* Build configuration list for PBXProject "Smart Goods" */ = {
			isa = XCConfigurationList;
			buildConfigurations = (
				710E2D91291196E7003AC591 /* Debug */,
				710E2D92291196E7003AC591 /* Release */,
			);
			defaultConfigurationIsVisible = 0;
			defaultConfigurationName = Release;
		};
		710E2D93291196E7003AC591 /* Build configuration list for PBXNativeTarget "Smart Goods" */ = {
			isa = XCConfigurationList;
			buildConfigurations = (
				710E2D94291196E7003AC591 /* Debug */,
				710E2D95291196E7003AC591 /* Release */,
			);
			defaultConfigurationIsVisible = 0;
			defaultConfigurationName = Release;
		};
		71E8DA2529301A6C0075F9F3 /* Build configuration list for PBXNativeTarget "Smart GoodsTests" */ = {
			isa = XCConfigurationList;
			buildConfigurations = (
				71E8DA2329301A6C0075F9F3 /* Debug */,
				71E8DA2429301A6C0075F9F3 /* Release */,
			);
			defaultConfigurationIsVisible = 0;
			defaultConfigurationName = Release;
		};
/* End XCConfigurationList section */

/* Begin XCRemoteSwiftPackageReference section */
		7103E134292A6AC100A007A7 /* XCRemoteSwiftPackageReference "swift-composable-architecture" */ = {
			isa = XCRemoteSwiftPackageReference;
			repositoryURL = "https://github.com/pointfreeco/swift-composable-architecture.git";
			requirement = {
				kind = exactVersion;
				version = 0.46.0;
			};
		};
/* End XCRemoteSwiftPackageReference section */

/* Begin XCSwiftPackageProductDependency section */
		7103E135292A6AC100A007A7 /* ComposableArchitecture */ = {
			isa = XCSwiftPackageProductDependency;
			package = 7103E134292A6AC100A007A7 /* XCRemoteSwiftPackageReference "swift-composable-architecture" */;
			productName = ComposableArchitecture;
		};
		7103E137292A6AC100A007A7 /* Dependencies */ = {
			isa = XCSwiftPackageProductDependency;
			package = 7103E134292A6AC100A007A7 /* XCRemoteSwiftPackageReference "swift-composable-architecture" */;
			productName = Dependencies;
		};
/* End XCSwiftPackageProductDependency section */
	};
	rootObject = 710E2D77291196E6003AC591 /* Project object */;
}
