// !$*UTF8*$!
{
	archiveVersion = 1;
	classes = {
	};
	objectVersion = 56;
	objects = {

/* Begin PBXBuildFile section */
		710E2D83291196E6003AC591 /* AppDelegate.swift in Sources */ = {isa = PBXBuildFile; fileRef = 710E2D82291196E6003AC591 /* AppDelegate.swift */; };
		710E2D85291196E6003AC591 /* SceneDelegate.swift in Sources */ = {isa = PBXBuildFile; fileRef = 710E2D84291196E6003AC591 /* SceneDelegate.swift */; };
		710E2D8C291196E7003AC591 /* Assets.xcassets in Resources */ = {isa = PBXBuildFile; fileRef = 710E2D8B291196E7003AC591 /* Assets.xcassets */; };
		710E2D8F291196E7003AC591 /* LaunchScreen.storyboard in Resources */ = {isa = PBXBuildFile; fileRef = 710E2D8D291196E7003AC591 /* LaunchScreen.storyboard */; };
		71742B55291AEC840026B389 /* HTTPClient.swift in Sources */ = {isa = PBXBuildFile; fileRef = 71742B54291AEC840026B389 /* HTTPClient.swift */; };
		71742B57291AECC50026B389 /* Call.swift in Sources */ = {isa = PBXBuildFile; fileRef = 71742B56291AECC50026B389 /* Call.swift */; };
		71742B59291AECF80026B389 /* HTTPMethod.swift in Sources */ = {isa = PBXBuildFile; fileRef = 71742B58291AECF80026B389 /* HTTPMethod.swift */; };
		71742B5D291AF5260026B389 /* HTTPError.swift in Sources */ = {isa = PBXBuildFile; fileRef = 71742B5C291AF5260026B389 /* HTTPError.swift */; };
		71754E2E2916EDF9001A3176 /* TabBarController.swift in Sources */ = {isa = PBXBuildFile; fileRef = 71754E2D2916EDF9001A3176 /* TabBarController.swift */; };
		9340DFE9292A639500A66E9B /* CreateRequirementView.swift in Sources */ = {isa = PBXBuildFile; fileRef = 9340DFE8292A639500A66E9B /* CreateRequirementView.swift */; };
		934C77982916F76C00ED21DE /* MyRequirementView.swift in Sources */ = {isa = PBXBuildFile; fileRef = 934C77972916F76C00ED21DE /* MyRequirementView.swift */; };
/* End PBXBuildFile section */

/* Begin PBXFileReference section */
		710E2D7F291196E6003AC591 /* Smart Goods.app */ = {isa = PBXFileReference; explicitFileType = wrapper.application; includeInIndex = 0; path = "Smart Goods.app"; sourceTree = BUILT_PRODUCTS_DIR; };
		710E2D82291196E6003AC591 /* AppDelegate.swift */ = {isa = PBXFileReference; lastKnownFileType = sourcecode.swift; path = AppDelegate.swift; sourceTree = "<group>"; };
		710E2D84291196E6003AC591 /* SceneDelegate.swift */ = {isa = PBXFileReference; lastKnownFileType = sourcecode.swift; path = SceneDelegate.swift; sourceTree = "<group>"; };
		710E2D8B291196E7003AC591 /* Assets.xcassets */ = {isa = PBXFileReference; lastKnownFileType = folder.assetcatalog; path = Assets.xcassets; sourceTree = "<group>"; };
		710E2D8E291196E7003AC591 /* Base */ = {isa = PBXFileReference; lastKnownFileType = file.storyboard; name = Base; path = Base.lproj/LaunchScreen.storyboard; sourceTree = "<group>"; };
		710E2D90291196E7003AC591 /* Info.plist */ = {isa = PBXFileReference; lastKnownFileType = text.plist.xml; path = Info.plist; sourceTree = "<group>"; };
		71742B54291AEC840026B389 /* HTTPClient.swift */ = {isa = PBXFileReference; lastKnownFileType = sourcecode.swift; path = HTTPClient.swift; sourceTree = "<group>"; };
		71742B56291AECC50026B389 /* Call.swift */ = {isa = PBXFileReference; lastKnownFileType = sourcecode.swift; path = Call.swift; sourceTree = "<group>"; };
		71742B58291AECF80026B389 /* HTTPMethod.swift */ = {isa = PBXFileReference; lastKnownFileType = sourcecode.swift; path = HTTPMethod.swift; sourceTree = "<group>"; };
		71742B5C291AF5260026B389 /* HTTPError.swift */ = {isa = PBXFileReference; lastKnownFileType = sourcecode.swift; path = HTTPError.swift; sourceTree = "<group>"; };
		71754E2D2916EDF9001A3176 /* TabBarController.swift */ = {isa = PBXFileReference; lastKnownFileType = sourcecode.swift; path = TabBarController.swift; sourceTree = "<group>"; };
		9340DFE8292A639500A66E9B /* CreateRequirementView.swift */ = {isa = PBXFileReference; lastKnownFileType = sourcecode.swift; path = CreateRequirementView.swift; sourceTree = "<group>"; };
		934C77972916F76C00ED21DE /* MyRequirementView.swift */ = {isa = PBXFileReference; lastKnownFileType = sourcecode.swift; path = MyRequirementView.swift; sourceTree = "<group>"; };
/* End PBXFileReference section */

/* Begin PBXFrameworksBuildPhase section */
		710E2D7C291196E6003AC591 /* Frameworks */ = {
			isa = PBXFrameworksBuildPhase;
			buildActionMask = 2147483647;
			files = (
			);
			runOnlyForDeploymentPostprocessing = 0;
		};
/* End PBXFrameworksBuildPhase section */

/* Begin PBXGroup section */
		710E2D76291196E6003AC591 = {
			isa = PBXGroup;
			children = (
				710E2D81291196E6003AC591 /* Smart Goods */,
				710E2D80291196E6003AC591 /* Products */,
			);
			sourceTree = "<group>";
		};
		710E2D80291196E6003AC591 /* Products */ = {
			isa = PBXGroup;
			children = (
				710E2D7F291196E6003AC591 /* Smart Goods.app */,
			);
			name = Products;
			sourceTree = "<group>";
		};
		710E2D81291196E6003AC591 /* Smart Goods */ = {
			isa = PBXGroup;
			children = (
				71742B53291AEC5B0026B389 /* Network */,
				71754E282916ED6E001A3176 /* UI */,
				710E2D82291196E6003AC591 /* AppDelegate.swift */,
				710E2D84291196E6003AC591 /* SceneDelegate.swift */,
				710E2D8B291196E7003AC591 /* Assets.xcassets */,
				710E2D8D291196E7003AC591 /* LaunchScreen.storyboard */,
				710E2D90291196E7003AC591 /* Info.plist */,
			);
			path = "Smart Goods";
			sourceTree = "<group>";
		};
		71742B53291AEC5B0026B389 /* Network */ = {
			isa = PBXGroup;
			children = (
				71742B5B291AF4D30026B389 /* Base */,
				71742B5A291AF4C50026B389 /* Services */,
			);
			path = Network;
			sourceTree = "<group>";
		};
		71742B5A291AF4C50026B389 /* Services */ = {
			isa = PBXGroup;
			children = (
			);
			path = Services;
			sourceTree = "<group>";
		};
		71742B5B291AF4D30026B389 /* Base */ = {
			isa = PBXGroup;
			children = (
				71742B54291AEC840026B389 /* HTTPClient.swift */,
				71742B58291AECF80026B389 /* HTTPMethod.swift */,
				71742B56291AECC50026B389 /* Call.swift */,
				71742B5C291AF5260026B389 /* HTTPError.swift */,
			);
			path = Base;
			sourceTree = "<group>";
		};
		71754E282916ED6E001A3176 /* UI */ = {
			isa = PBXGroup;
			children = (
				9340DFE6292A62C800A66E9B /* CreateRequirement */,
				934C77952916F6E800ED21DE /* MyRequirement */,
				71754E292916EDB6001A3176 /* TabBar */,
			);
			path = UI;
			sourceTree = "<group>";
		};
		71754E292916EDB6001A3176 /* TabBar */ = {
			isa = PBXGroup;
			children = (
				71754E2C2916EDDE001A3176 /* Core */,
				71754E2A2916EDC5001A3176 /* View */,
			);
			path = TabBar;
			sourceTree = "<group>";
		};
		71754E2A2916EDC5001A3176 /* View */ = {
			isa = PBXGroup;
			children = (
				71754E2D2916EDF9001A3176 /* TabBarController.swift */,
			);
			path = View;
			sourceTree = "<group>";
		};
		71754E2C2916EDDE001A3176 /* Core */ = {
			isa = PBXGroup;
			children = (
			);
			path = Core;
			sourceTree = "<group>";
		};
		9340DFE6292A62C800A66E9B /* CreateRequirement */ = {
			isa = PBXGroup;
			children = (
				9340DFE7292A632C00A66E9B /* View */,
			);
			path = CreateRequirement;
			sourceTree = "<group>";
		};
		9340DFE7292A632C00A66E9B /* View */ = {
			isa = PBXGroup;
			children = (
				9340DFE8292A639500A66E9B /* CreateRequirementView.swift */,
			);
			path = View;
			sourceTree = "<group>";
		};
		934C77952916F6E800ED21DE /* MyRequirement */ = {
			isa = PBXGroup;
			children = (
				934C77962916F74600ED21DE /* View */,
			);
			path = MyRequirement;
			sourceTree = "<group>";
		};
		934C77962916F74600ED21DE /* View */ = {
			isa = PBXGroup;
			children = (
				934C77972916F76C00ED21DE /* MyRequirementView.swift */,
			);
			path = View;
			sourceTree = "<group>";
		};
/* End PBXGroup section */

/* Begin PBXNativeTarget section */
		710E2D7E291196E6003AC591 /* Smart Goods */ = {
			isa = PBXNativeTarget;
			buildConfigurationList = 710E2D93291196E7003AC591 /* Build configuration list for PBXNativeTarget "Smart Goods" */;
			buildPhases = (
				710E2D7B291196E6003AC591 /* Sources */,
				710E2D7C291196E6003AC591 /* Frameworks */,
				710E2D7D291196E6003AC591 /* Resources */,
			);
			buildRules = (
			);
			dependencies = (
			);
			name = "Smart Goods";
			productName = "Smart Goods";
			productReference = 710E2D7F291196E6003AC591 /* Smart Goods.app */;
			productType = "com.apple.product-type.application";
		};
/* End PBXNativeTarget section */

/* Begin PBXProject section */
		710E2D77291196E6003AC591 /* Project object */ = {
			isa = PBXProject;
			attributes = {
				BuildIndependentTargetsInParallel = 1;
				LastSwiftUpdateCheck = 1400;
				LastUpgradeCheck = 1400;
				TargetAttributes = {
					710E2D7E291196E6003AC591 = {
						CreatedOnToolsVersion = 14.0;
					};
				};
			};
			buildConfigurationList = 710E2D7A291196E6003AC591 /* Build configuration list for PBXProject "Smart Goods" */;
			compatibilityVersion = "Xcode 14.0";
			developmentRegion = en;
			hasScannedForEncodings = 0;
			knownRegions = (
				en,
				Base,
			);
			mainGroup = 710E2D76291196E6003AC591;
			productRefGroup = 710E2D80291196E6003AC591 /* Products */;
			projectDirPath = "";
			projectRoot = "";
			targets = (
				710E2D7E291196E6003AC591 /* Smart Goods */,
			);
		};
/* End PBXProject section */

/* Begin PBXResourcesBuildPhase section */
		710E2D7D291196E6003AC591 /* Resources */ = {
			isa = PBXResourcesBuildPhase;
			buildActionMask = 2147483647;
			files = (
				710E2D8F291196E7003AC591 /* LaunchScreen.storyboard in Resources */,
				710E2D8C291196E7003AC591 /* Assets.xcassets in Resources */,
			);
			runOnlyForDeploymentPostprocessing = 0;
		};
/* End PBXResourcesBuildPhase section */

/* Begin PBXSourcesBuildPhase section */
		710E2D7B291196E6003AC591 /* Sources */ = {
			isa = PBXSourcesBuildPhase;
			buildActionMask = 2147483647;
			files = (
				934C77982916F76C00ED21DE /* MyRequirementView.swift in Sources */,
				71742B57291AECC50026B389 /* Call.swift in Sources */,
				71742B59291AECF80026B389 /* HTTPMethod.swift in Sources */,
				71754E2E2916EDF9001A3176 /* TabBarController.swift in Sources */,
				9340DFE9292A639500A66E9B /* CreateRequirementView.swift in Sources */,
				71742B5D291AF5260026B389 /* HTTPError.swift in Sources */,
				710E2D83291196E6003AC591 /* AppDelegate.swift in Sources */,
				71742B55291AEC840026B389 /* HTTPClient.swift in Sources */,
				710E2D85291196E6003AC591 /* SceneDelegate.swift in Sources */,
			);
			runOnlyForDeploymentPostprocessing = 0;
		};
/* End PBXSourcesBuildPhase section */

/* Begin PBXVariantGroup section */
		710E2D8D291196E7003AC591 /* LaunchScreen.storyboard */ = {
			isa = PBXVariantGroup;
			children = (
				710E2D8E291196E7003AC591 /* Base */,
			);
			name = LaunchScreen.storyboard;
			sourceTree = "<group>";
		};
/* End PBXVariantGroup section */

/* Begin XCBuildConfiguration section */
		710E2D91291196E7003AC591 /* Debug */ = {
			isa = XCBuildConfiguration;
			buildSettings = {
				ALWAYS_SEARCH_USER_PATHS = NO;
				CLANG_ANALYZER_NONNULL = YES;
				CLANG_ANALYZER_NUMBER_OBJECT_CONVERSION = YES_AGGRESSIVE;
				CLANG_CXX_LANGUAGE_STANDARD = "gnu++20";
				CLANG_ENABLE_MODULES = YES;
				CLANG_ENABLE_OBJC_ARC = YES;
				CLANG_ENABLE_OBJC_WEAK = YES;
				CLANG_WARN_BLOCK_CAPTURE_AUTORELEASING = YES;
				CLANG_WARN_BOOL_CONVERSION = YES;
				CLANG_WARN_COMMA = YES;
				CLANG_WARN_CONSTANT_CONVERSION = YES;
				CLANG_WARN_DEPRECATED_OBJC_IMPLEMENTATIONS = YES;
				CLANG_WARN_DIRECT_OBJC_ISA_USAGE = YES_ERROR;
				CLANG_WARN_DOCUMENTATION_COMMENTS = YES;
				CLANG_WARN_EMPTY_BODY = YES;
				CLANG_WARN_ENUM_CONVERSION = YES;
				CLANG_WARN_INFINITE_RECURSION = YES;
				CLANG_WARN_INT_CONVERSION = YES;
				CLANG_WARN_NON_LITERAL_NULL_CONVERSION = YES;
				CLANG_WARN_OBJC_IMPLICIT_RETAIN_SELF = YES;
				CLANG_WARN_OBJC_LITERAL_CONVERSION = YES;
				CLANG_WARN_OBJC_ROOT_CLASS = YES_ERROR;
				CLANG_WARN_QUOTED_INCLUDE_IN_FRAMEWORK_HEADER = YES;
				CLANG_WARN_RANGE_LOOP_ANALYSIS = YES;
				CLANG_WARN_STRICT_PROTOTYPES = YES;
				CLANG_WARN_SUSPICIOUS_MOVE = YES;
				CLANG_WARN_UNGUARDED_AVAILABILITY = YES_AGGRESSIVE;
				CLANG_WARN_UNREACHABLE_CODE = YES;
				CLANG_WARN__DUPLICATE_METHOD_MATCH = YES;
				COPY_PHASE_STRIP = NO;
				DEBUG_INFORMATION_FORMAT = dwarf;
				ENABLE_STRICT_OBJC_MSGSEND = YES;
				ENABLE_TESTABILITY = YES;
				GCC_C_LANGUAGE_STANDARD = gnu11;
				GCC_DYNAMIC_NO_PIC = NO;
				GCC_NO_COMMON_BLOCKS = YES;
				GCC_OPTIMIZATION_LEVEL = 0;
				GCC_PREPROCESSOR_DEFINITIONS = (
					"DEBUG=1",
					"$(inherited)",
				);
				GCC_WARN_64_TO_32_BIT_CONVERSION = YES;
				GCC_WARN_ABOUT_RETURN_TYPE = YES_ERROR;
				GCC_WARN_UNDECLARED_SELECTOR = YES;
				GCC_WARN_UNINITIALIZED_AUTOS = YES_AGGRESSIVE;
				GCC_WARN_UNUSED_FUNCTION = YES;
				GCC_WARN_UNUSED_VARIABLE = YES;
				IPHONEOS_DEPLOYMENT_TARGET = 16.0;
				MTL_ENABLE_DEBUG_INFO = INCLUDE_SOURCE;
				MTL_FAST_MATH = YES;
				ONLY_ACTIVE_ARCH = YES;
				SDKROOT = iphoneos;
				SWIFT_ACTIVE_COMPILATION_CONDITIONS = DEBUG;
				SWIFT_OPTIMIZATION_LEVEL = "-Onone";
			};
			name = Debug;
		};
		710E2D92291196E7003AC591 /* Release */ = {
			isa = XCBuildConfiguration;
			buildSettings = {
				ALWAYS_SEARCH_USER_PATHS = NO;
				CLANG_ANALYZER_NONNULL = YES;
				CLANG_ANALYZER_NUMBER_OBJECT_CONVERSION = YES_AGGRESSIVE;
				CLANG_CXX_LANGUAGE_STANDARD = "gnu++20";
				CLANG_ENABLE_MODULES = YES;
				CLANG_ENABLE_OBJC_ARC = YES;
				CLANG_ENABLE_OBJC_WEAK = YES;
				CLANG_WARN_BLOCK_CAPTURE_AUTORELEASING = YES;
				CLANG_WARN_BOOL_CONVERSION = YES;
				CLANG_WARN_COMMA = YES;
				CLANG_WARN_CONSTANT_CONVERSION = YES;
				CLANG_WARN_DEPRECATED_OBJC_IMPLEMENTATIONS = YES;
				CLANG_WARN_DIRECT_OBJC_ISA_USAGE = YES_ERROR;
				CLANG_WARN_DOCUMENTATION_COMMENTS = YES;
				CLANG_WARN_EMPTY_BODY = YES;
				CLANG_WARN_ENUM_CONVERSION = YES;
				CLANG_WARN_INFINITE_RECURSION = YES;
				CLANG_WARN_INT_CONVERSION = YES;
				CLANG_WARN_NON_LITERAL_NULL_CONVERSION = YES;
				CLANG_WARN_OBJC_IMPLICIT_RETAIN_SELF = YES;
				CLANG_WARN_OBJC_LITERAL_CONVERSION = YES;
				CLANG_WARN_OBJC_ROOT_CLASS = YES_ERROR;
				CLANG_WARN_QUOTED_INCLUDE_IN_FRAMEWORK_HEADER = YES;
				CLANG_WARN_RANGE_LOOP_ANALYSIS = YES;
				CLANG_WARN_STRICT_PROTOTYPES = YES;
				CLANG_WARN_SUSPICIOUS_MOVE = YES;
				CLANG_WARN_UNGUARDED_AVAILABILITY = YES_AGGRESSIVE;
				CLANG_WARN_UNREACHABLE_CODE = YES;
				CLANG_WARN__DUPLICATE_METHOD_MATCH = YES;
				COPY_PHASE_STRIP = NO;
				DEBUG_INFORMATION_FORMAT = "dwarf-with-dsym";
				ENABLE_NS_ASSERTIONS = NO;
				ENABLE_STRICT_OBJC_MSGSEND = YES;
				GCC_C_LANGUAGE_STANDARD = gnu11;
				GCC_NO_COMMON_BLOCKS = YES;
				GCC_WARN_64_TO_32_BIT_CONVERSION = YES;
				GCC_WARN_ABOUT_RETURN_TYPE = YES_ERROR;
				GCC_WARN_UNDECLARED_SELECTOR = YES;
				GCC_WARN_UNINITIALIZED_AUTOS = YES_AGGRESSIVE;
				GCC_WARN_UNUSED_FUNCTION = YES;
				GCC_WARN_UNUSED_VARIABLE = YES;
				IPHONEOS_DEPLOYMENT_TARGET = 16.0;
				MTL_ENABLE_DEBUG_INFO = NO;
				MTL_FAST_MATH = YES;
				SDKROOT = iphoneos;
				SWIFT_COMPILATION_MODE = wholemodule;
				SWIFT_OPTIMIZATION_LEVEL = "-O";
				VALIDATE_PRODUCT = YES;
			};
			name = Release;
		};
		710E2D94291196E7003AC591 /* Debug */ = {
			isa = XCBuildConfiguration;
			buildSettings = {
				ASSETCATALOG_COMPILER_APPICON_NAME = AppIcon;
				ASSETCATALOG_COMPILER_GLOBAL_ACCENT_COLOR_NAME = AccentColor;
				CODE_SIGN_STYLE = Automatic;
				CURRENT_PROJECT_VERSION = 1;
				DEVELOPMENT_TEAM = 7UZH6B548Y;
				GENERATE_INFOPLIST_FILE = YES;
				INFOPLIST_FILE = "Smart Goods/Info.plist";
				INFOPLIST_KEY_UIApplicationSupportsIndirectInputEvents = YES;
				INFOPLIST_KEY_UILaunchStoryboardName = LaunchScreen;
				INFOPLIST_KEY_UISupportedInterfaceOrientations_iPad = "UIInterfaceOrientationPortrait UIInterfaceOrientationPortraitUpsideDown UIInterfaceOrientationLandscapeLeft UIInterfaceOrientationLandscapeRight";
				INFOPLIST_KEY_UISupportedInterfaceOrientations_iPhone = "UIInterfaceOrientationPortrait UIInterfaceOrientationLandscapeLeft UIInterfaceOrientationLandscapeRight";
				LD_RUNPATH_SEARCH_PATHS = (
					"$(inherited)",
					"@executable_path/Frameworks",
				);
				MARKETING_VERSION = 1.0;
				PRODUCT_BUNDLE_IDENTIFIER = "com.ebucelik.Smart-Goods";
				PRODUCT_NAME = "$(TARGET_NAME)";
				SWIFT_EMIT_LOC_STRINGS = YES;
				SWIFT_VERSION = 5.0;
				TARGETED_DEVICE_FAMILY = "1,2";
			};
			name = Debug;
		};
		710E2D95291196E7003AC591 /* Release */ = {
			isa = XCBuildConfiguration;
			buildSettings = {
				ASSETCATALOG_COMPILER_APPICON_NAME = AppIcon;
				ASSETCATALOG_COMPILER_GLOBAL_ACCENT_COLOR_NAME = AccentColor;
				CODE_SIGN_STYLE = Automatic;
				CURRENT_PROJECT_VERSION = 1;
				DEVELOPMENT_TEAM = 7UZH6B548Y;
				GENERATE_INFOPLIST_FILE = YES;
				INFOPLIST_FILE = "Smart Goods/Info.plist";
				INFOPLIST_KEY_UIApplicationSupportsIndirectInputEvents = YES;
				INFOPLIST_KEY_UILaunchStoryboardName = LaunchScreen;
				INFOPLIST_KEY_UISupportedInterfaceOrientations_iPad = "UIInterfaceOrientationPortrait UIInterfaceOrientationPortraitUpsideDown UIInterfaceOrientationLandscapeLeft UIInterfaceOrientationLandscapeRight";
				INFOPLIST_KEY_UISupportedInterfaceOrientations_iPhone = "UIInterfaceOrientationPortrait UIInterfaceOrientationLandscapeLeft UIInterfaceOrientationLandscapeRight";
				LD_RUNPATH_SEARCH_PATHS = (
					"$(inherited)",
					"@executable_path/Frameworks",
				);
				MARKETING_VERSION = 1.0;
				PRODUCT_BUNDLE_IDENTIFIER = "com.ebucelik.Smart-Goods";
				PRODUCT_NAME = "$(TARGET_NAME)";
				SWIFT_EMIT_LOC_STRINGS = YES;
				SWIFT_VERSION = 5.0;
				TARGETED_DEVICE_FAMILY = "1,2";
			};
			name = Release;
		};
/* End XCBuildConfiguration section */

/* Begin XCConfigurationList section */
		710E2D7A291196E6003AC591 /* Build configuration list for PBXProject "Smart Goods" */ = {
			isa = XCConfigurationList;
			buildConfigurations = (
				710E2D91291196E7003AC591 /* Debug */,
				710E2D92291196E7003AC591 /* Release */,
			);
			defaultConfigurationIsVisible = 0;
			defaultConfigurationName = Release;
		};
		710E2D93291196E7003AC591 /* Build configuration list for PBXNativeTarget "Smart Goods" */ = {
			isa = XCConfigurationList;
			buildConfigurations = (
				710E2D94291196E7003AC591 /* Debug */,
				710E2D95291196E7003AC591 /* Release */,
			);
			defaultConfigurationIsVisible = 0;
			defaultConfigurationName = Release;
		};
/* End XCConfigurationList section */
	};
	rootObject = 710E2D77291196E6003AC591 /* Project object */;
}
